
Microsoft Visual Studio Solution File, Format Version 12.00
# Visual Studio Version 17
VisualStudioVersion = 17.0.32014.148
MinimumVisualStudioVersion = 10.0.40219.1
Project("{9A19103F-16F7-4668-BE54-9A1E7A4F7556}") = "TemplateProject", "TemplateProject\TemplateProject.csproj", "{029F0096-BBEA-4C50-B4D1-4C68C3D16AA8}"
EndProject
Project("{9A19103F-16F7-4668-BE54-9A1E7A4F7556}") = "AoCUtilities", "AoCUtilities\AoCUtilities.csproj", "{A33E73EE-AD43-4AE7-8074-8F981ED807FD}"
EndProject
Project("{9A19103F-16F7-4668-BE54-9A1E7A4F7556}") = "Day_01_Calorie_Counting", "Day_01_Calorie_Counting\Day_01_Calorie_Counting.csproj", "{F2512AC9-552A-4178-9F6E-BFDAE618F220}"
EndProject
Project("{9A19103F-16F7-4668-BE54-9A1E7A4F7556}") = "Day_02_Rock_Paper_Scissors", "Day_02_Rock_Paper_Scissors\Day_02_Rock_Paper_Scissors.csproj", "{7B5D20AA-BB9E-4650-A7B7-6D182491B92F}"
EndProject
Project("{9A19103F-16F7-4668-BE54-9A1E7A4F7556}") = "Day_03_Rucksack_Reorganization", "Day_03_Rucksack_Reorganization\Day_03_Rucksack_Reorganization.csproj", "{916583AD-9F46-4F8B-9760-B3454038E233}"
EndProject
Project("{9A19103F-16F7-4668-BE54-9A1E7A4F7556}") = "Day_04_Camp_Cleanup", "Day_04_Camp_Cleanup\Day_04_Camp_Cleanup.csproj", "{F3A74EE8-CC62-4CEA-B4F8-61E71EA0B3DF}"
EndProject
Project("{9A19103F-16F7-4668-BE54-9A1E7A4F7556}") = "Day_05_Supply_Stacks", "Day_05_Supply_Stacks\Day_05_Supply_Stacks.csproj", "{4973A1A1-D102-4A0F-BC37-898C5515DF05}"
EndProject
Project("{9A19103F-16F7-4668-BE54-9A1E7A4F7556}") = "Day_06_Tuning_Trouble", "Day_06_Tuning_Trouble\Day_06_Tuning_Trouble.csproj", "{2810092C-8F6D-4A73-A596-B227C60A6FCA}"
EndProject
Project("{9A19103F-16F7-4668-BE54-9A1E7A4F7556}") = "Day_07_No_Space_Left_On_Device", "Day_07_No_Space_Left_On_Device\Day_07_No_Space_Left_On_Device.csproj", "{F40F85B8-1090-4923-B200-02FDC88B694D}"
EndProject
Project("{9A19103F-16F7-4668-BE54-9A1E7A4F7556}") = "Day_08_Treetop_Tree_House", "Day_08_Treetop_Tree_House\Day_08_Treetop_Tree_House.csproj", "{E279DF56-CAF2-432F-AB80-859D82C916D7}"
EndProject
Project("{9A19103F-16F7-4668-BE54-9A1E7A4F7556}") = "Day_09_Rope_Bridge", "Day_09_Rope_Bridge\Day_09_Rope_Bridge.csproj", "{9F1EA925-502F-49B0-8876-8951BB8834B7}"
EndProject
Project("{9A19103F-16F7-4668-BE54-9A1E7A4F7556}") = "Day_10_Cathode-Ray_Tube", "Day_10_Cathode-Ray_Tube\Day_10_Cathode-Ray_Tube.csproj", "{99519ACD-8D8E-4126-AF9E-38633116FC64}"
EndProject
Project("{9A19103F-16F7-4668-BE54-9A1E7A4F7556}") = "Day_11_Monkey_in_the_Middle", "Day_11_Monkey_in_the_Middle\Day_11_Monkey_in_the_Middle.csproj", "{F1294568-4F88-4DB6-9897-9566652051F7}"
EndProject
Project("{9A19103F-16F7-4668-BE54-9A1E7A4F7556}") = "Day_12_Hill_Climbing_Algorithm", "Day_12_Hill_Climbing_Algorithm\Day_12_Hill_Climbing_Algorithm.csproj", "{C35CDD76-B5DC-41E6-8F69-6E2C2DC7C561}"
EndProject
Project("{9A19103F-16F7-4668-BE54-9A1E7A4F7556}") = "Day_13_Distress_Signal", "Day_13_Distress_Signal\Day_13_Distress_Signal.csproj", "{AEE6732D-6ABA-447E-ADA7-A7E70F7FCDAF}"
EndProject
Project("{9A19103F-16F7-4668-BE54-9A1E7A4F7556}") = "Day_14_Regolith_Reservoir", "Day_14_Regolith_Reservoir\Day_14_Regolith_Reservoir.csproj", "{5AF2BC0D-0AC0-4A67-9DC3-7D74B111E722}"
EndProject
Project("{9A19103F-16F7-4668-BE54-9A1E7A4F7556}") = "Day_15_Beacon_Exclusion_Zone", "Day_15_Beacon_Exclusion_Zone\Day_15_Beacon_Exclusion_Zone.csproj", "{54429D42-74D0-4E76-9B27-57B12A99725A}"
EndProject
Project("{9A19103F-16F7-4668-BE54-9A1E7A4F7556}") = "Day_16_Proboscidea_Volcanium", "Day_16_Proboscidea_Volcanium\Day_16_Proboscidea_Volcanium.csproj", "{7CA09BEC-500D-4686-BFEC-4D51261D9CF1}"
EndProject
Project("{9A19103F-16F7-4668-BE54-9A1E7A4F7556}") = "Day_17_Pyroclastic_Flow", "Day_17_Pyroclastic_Flow\Day_17_Pyroclastic_Flow.csproj", "{7971B4CC-9E48-48ED-88B2-31817BC891B4}"
EndProject
Project("{9A19103F-16F7-4668-BE54-9A1E7A4F7556}") = "Day_18_Boiling_Boulders", "Day_18_Boiling_Boulders\Day_18_Boiling_Boulders.csproj", "{8F8DBFCD-B5DF-412E-A83A-11104B824E58}"
EndProject
Project("{9A19103F-16F7-4668-BE54-9A1E7A4F7556}") = "Day_19_Not_Enough_Minerals", "Day_19_Not_Enough_Minerals\Day_19_Not_Enough_Minerals.csproj", "{A7692CD2-B1B9-436D-99DA-43597021D7EA}"
EndProject
Project("{9A19103F-16F7-4668-BE54-9A1E7A4F7556}") = "Day_20_Grove_Positioning_System", "Day_20_Grove_Positioning_System\Day_20_Grove_Positioning_System.csproj", "{50424FBA-E0EE-4CFA-A659-2906562F410E}"
EndProject
Project("{9A19103F-16F7-4668-BE54-9A1E7A4F7556}") = "Day_21_Monkey_Math", "Day_21_Monkey_Math\Day_21_Monkey_Math.csproj", "{7848BE94-3816-4C04-B2F5-87EA650DE8CA}"
EndProject
Global
	GlobalSection(SolutionConfigurationPlatforms) = preSolution
		Debug|Any CPU = Debug|Any CPU
		Release|Any CPU = Release|Any CPU
	EndGlobalSection
	GlobalSection(ProjectConfigurationPlatforms) = postSolution
		{029F0096-BBEA-4C50-B4D1-4C68C3D16AA8}.Debug|Any CPU.ActiveCfg = Debug|Any CPU
		{029F0096-BBEA-4C50-B4D1-4C68C3D16AA8}.Debug|Any CPU.Build.0 = Debug|Any CPU
		{029F0096-BBEA-4C50-B4D1-4C68C3D16AA8}.Release|Any CPU.ActiveCfg = Release|Any CPU
		{029F0096-BBEA-4C50-B4D1-4C68C3D16AA8}.Release|Any CPU.Build.0 = Release|Any CPU
		{A33E73EE-AD43-4AE7-8074-8F981ED807FD}.Debug|Any CPU.ActiveCfg = Debug|Any CPU
		{A33E73EE-AD43-4AE7-8074-8F981ED807FD}.Debug|Any CPU.Build.0 = Debug|Any CPU
		{A33E73EE-AD43-4AE7-8074-8F981ED807FD}.Release|Any CPU.ActiveCfg = Release|Any CPU
		{A33E73EE-AD43-4AE7-8074-8F981ED807FD}.Release|Any CPU.Build.0 = Release|Any CPU
		{F2512AC9-552A-4178-9F6E-BFDAE618F220}.Debug|Any CPU.ActiveCfg = Debug|Any CPU
		{F2512AC9-552A-4178-9F6E-BFDAE618F220}.Debug|Any CPU.Build.0 = Debug|Any CPU
		{F2512AC9-552A-4178-9F6E-BFDAE618F220}.Release|Any CPU.ActiveCfg = Release|Any CPU
		{F2512AC9-552A-4178-9F6E-BFDAE618F220}.Release|Any CPU.Build.0 = Release|Any CPU
		{7B5D20AA-BB9E-4650-A7B7-6D182491B92F}.Debug|Any CPU.ActiveCfg = Debug|Any CPU
		{7B5D20AA-BB9E-4650-A7B7-6D182491B92F}.Debug|Any CPU.Build.0 = Debug|Any CPU
		{7B5D20AA-BB9E-4650-A7B7-6D182491B92F}.Release|Any CPU.ActiveCfg = Release|Any CPU
		{7B5D20AA-BB9E-4650-A7B7-6D182491B92F}.Release|Any CPU.Build.0 = Release|Any CPU
		{916583AD-9F46-4F8B-9760-B3454038E233}.Debug|Any CPU.ActiveCfg = Debug|Any CPU
		{916583AD-9F46-4F8B-9760-B3454038E233}.Debug|Any CPU.Build.0 = Debug|Any CPU
		{916583AD-9F46-4F8B-9760-B3454038E233}.Release|Any CPU.ActiveCfg = Release|Any CPU
		{916583AD-9F46-4F8B-9760-B3454038E233}.Release|Any CPU.Build.0 = Release|Any CPU
		{F3A74EE8-CC62-4CEA-B4F8-61E71EA0B3DF}.Debug|Any CPU.ActiveCfg = Debug|Any CPU
		{F3A74EE8-CC62-4CEA-B4F8-61E71EA0B3DF}.Debug|Any CPU.Build.0 = Debug|Any CPU
		{F3A74EE8-CC62-4CEA-B4F8-61E71EA0B3DF}.Release|Any CPU.ActiveCfg = Release|Any CPU
		{F3A74EE8-CC62-4CEA-B4F8-61E71EA0B3DF}.Release|Any CPU.Build.0 = Release|Any CPU
		{4973A1A1-D102-4A0F-BC37-898C5515DF05}.Debug|Any CPU.ActiveCfg = Debug|Any CPU
		{4973A1A1-D102-4A0F-BC37-898C5515DF05}.Debug|Any CPU.Build.0 = Debug|Any CPU
		{4973A1A1-D102-4A0F-BC37-898C5515DF05}.Release|Any CPU.ActiveCfg = Release|Any CPU
		{4973A1A1-D102-4A0F-BC37-898C5515DF05}.Release|Any CPU.Build.0 = Release|Any CPU
		{2810092C-8F6D-4A73-A596-B227C60A6FCA}.Debug|Any CPU.ActiveCfg = Debug|Any CPU
		{2810092C-8F6D-4A73-A596-B227C60A6FCA}.Debug|Any CPU.Build.0 = Debug|Any CPU
		{2810092C-8F6D-4A73-A596-B227C60A6FCA}.Release|Any CPU.ActiveCfg = Release|Any CPU
		{2810092C-8F6D-4A73-A596-B227C60A6FCA}.Release|Any CPU.Build.0 = Release|Any CPU
		{F40F85B8-1090-4923-B200-02FDC88B694D}.Debug|Any CPU.ActiveCfg = Debug|Any CPU
		{F40F85B8-1090-4923-B200-02FDC88B694D}.Debug|Any CPU.Build.0 = Debug|Any CPU
		{F40F85B8-1090-4923-B200-02FDC88B694D}.Release|Any CPU.ActiveCfg = Release|Any CPU
		{F40F85B8-1090-4923-B200-02FDC88B694D}.Release|Any CPU.Build.0 = Release|Any CPU
		{E279DF56-CAF2-432F-AB80-859D82C916D7}.Debug|Any CPU.ActiveCfg = Debug|Any CPU
		{E279DF56-CAF2-432F-AB80-859D82C916D7}.Debug|Any CPU.Build.0 = Debug|Any CPU
		{E279DF56-CAF2-432F-AB80-859D82C916D7}.Release|Any CPU.ActiveCfg = Release|Any CPU
		{E279DF56-CAF2-432F-AB80-859D82C916D7}.Release|Any CPU.Build.0 = Release|Any CPU
		{9F1EA925-502F-49B0-8876-8951BB8834B7}.Debug|Any CPU.ActiveCfg = Debug|Any CPU
		{9F1EA925-502F-49B0-8876-8951BB8834B7}.Debug|Any CPU.Build.0 = Debug|Any CPU
		{9F1EA925-502F-49B0-8876-8951BB8834B7}.Release|Any CPU.ActiveCfg = Release|Any CPU
		{9F1EA925-502F-49B0-8876-8951BB8834B7}.Release|Any CPU.Build.0 = Release|Any CPU
		{99519ACD-8D8E-4126-AF9E-38633116FC64}.Debug|Any CPU.ActiveCfg = Debug|Any CPU
		{99519ACD-8D8E-4126-AF9E-38633116FC64}.Debug|Any CPU.Build.0 = Debug|Any CPU
		{99519ACD-8D8E-4126-AF9E-38633116FC64}.Release|Any CPU.ActiveCfg = Release|Any CPU
		{99519ACD-8D8E-4126-AF9E-38633116FC64}.Release|Any CPU.Build.0 = Release|Any CPU
		{F1294568-4F88-4DB6-9897-9566652051F7}.Debug|Any CPU.ActiveCfg = Debug|Any CPU
		{F1294568-4F88-4DB6-9897-9566652051F7}.Debug|Any CPU.Build.0 = Debug|Any CPU
		{F1294568-4F88-4DB6-9897-9566652051F7}.Release|Any CPU.ActiveCfg = Release|Any CPU
		{F1294568-4F88-4DB6-9897-9566652051F7}.Release|Any CPU.Build.0 = Release|Any CPU
		{C35CDD76-B5DC-41E6-8F69-6E2C2DC7C561}.Debug|Any CPU.ActiveCfg = Debug|Any CPU
		{C35CDD76-B5DC-41E6-8F69-6E2C2DC7C561}.Debug|Any CPU.Build.0 = Debug|Any CPU
		{C35CDD76-B5DC-41E6-8F69-6E2C2DC7C561}.Release|Any CPU.ActiveCfg = Release|Any CPU
		{C35CDD76-B5DC-41E6-8F69-6E2C2DC7C561}.Release|Any CPU.Build.0 = Release|Any CPU
		{AEE6732D-6ABA-447E-ADA7-A7E70F7FCDAF}.Debug|Any CPU.ActiveCfg = Debug|Any CPU
		{AEE6732D-6ABA-447E-ADA7-A7E70F7FCDAF}.Debug|Any CPU.Build.0 = Debug|Any CPU
		{AEE6732D-6ABA-447E-ADA7-A7E70F7FCDAF}.Release|Any CPU.ActiveCfg = Release|Any CPU
		{AEE6732D-6ABA-447E-ADA7-A7E70F7FCDAF}.Release|Any CPU.Build.0 = Release|Any CPU
		{5AF2BC0D-0AC0-4A67-9DC3-7D74B111E722}.Debug|Any CPU.ActiveCfg = Debug|Any CPU
		{5AF2BC0D-0AC0-4A67-9DC3-7D74B111E722}.Debug|Any CPU.Build.0 = Debug|Any CPU
		{5AF2BC0D-0AC0-4A67-9DC3-7D74B111E722}.Release|Any CPU.ActiveCfg = Release|Any CPU
		{5AF2BC0D-0AC0-4A67-9DC3-7D74B111E722}.Release|Any CPU.Build.0 = Release|Any CPU
		{54429D42-74D0-4E76-9B27-57B12A99725A}.Debug|Any CPU.ActiveCfg = Debug|Any CPU
		{54429D42-74D0-4E76-9B27-57B12A99725A}.Debug|Any CPU.Build.0 = Debug|Any CPU
		{54429D42-74D0-4E76-9B27-57B12A99725A}.Release|Any CPU.ActiveCfg = Release|Any CPU
		{54429D42-74D0-4E76-9B27-57B12A99725A}.Release|Any CPU.Build.0 = Release|Any CPU
		{7CA09BEC-500D-4686-BFEC-4D51261D9CF1}.Debug|Any CPU.ActiveCfg = Debug|Any CPU
		{7CA09BEC-500D-4686-BFEC-4D51261D9CF1}.Debug|Any CPU.Build.0 = Debug|Any CPU
		{7CA09BEC-500D-4686-BFEC-4D51261D9CF1}.Release|Any CPU.ActiveCfg = Release|Any CPU
		{7CA09BEC-500D-4686-BFEC-4D51261D9CF1}.Release|Any CPU.Build.0 = Release|Any CPU
		{7971B4CC-9E48-48ED-88B2-31817BC891B4}.Debug|Any CPU.ActiveCfg = Debug|Any CPU
		{7971B4CC-9E48-48ED-88B2-31817BC891B4}.Debug|Any CPU.Build.0 = Debug|Any CPU
		{7971B4CC-9E48-48ED-88B2-31817BC891B4}.Release|Any CPU.ActiveCfg = Release|Any CPU
		{7971B4CC-9E48-48ED-88B2-31817BC891B4}.Release|Any CPU.Build.0 = Release|Any CPU
		{8F8DBFCD-B5DF-412E-A83A-11104B824E58}.Debug|Any CPU.ActiveCfg = Debug|Any CPU
		{8F8DBFCD-B5DF-412E-A83A-11104B824E58}.Debug|Any CPU.Build.0 = Debug|Any CPU
		{8F8DBFCD-B5DF-412E-A83A-11104B824E58}.Release|Any CPU.ActiveCfg = Release|Any CPU
		{8F8DBFCD-B5DF-412E-A83A-11104B824E58}.Release|Any CPU.Build.0 = Release|Any CPU
		{A7692CD2-B1B9-436D-99DA-43597021D7EA}.Debug|Any CPU.ActiveCfg = Debug|Any CPU
		{A7692CD2-B1B9-436D-99DA-43597021D7EA}.Debug|Any CPU.Build.0 = Debug|Any CPU
		{A7692CD2-B1B9-436D-99DA-43597021D7EA}.Release|Any CPU.ActiveCfg = Release|Any CPU
		{A7692CD2-B1B9-436D-99DA-43597021D7EA}.Release|Any CPU.Build.0 = Release|Any CPU
		{50424FBA-E0EE-4CFA-A659-2906562F410E}.Debug|Any CPU.ActiveCfg = Debug|Any CPU
		{50424FBA-E0EE-4CFA-A659-2906562F410E}.Debug|Any CPU.Build.0 = Debug|Any CPU
		{50424FBA-E0EE-4CFA-A659-2906562F410E}.Release|Any CPU.ActiveCfg = Release|Any CPU
		{50424FBA-E0EE-4CFA-A659-2906562F410E}.Release|Any CPU.Build.0 = Release|Any CPU
		{7848BE94-3816-4C04-B2F5-87EA650DE8CA}.Debug|Any CPU.ActiveCfg = Debug|Any CPU
		{7848BE94-3816-4C04-B2F5-87EA650DE8CA}.Debug|Any CPU.Build.0 = Debug|Any CPU
		{7848BE94-3816-4C04-B2F5-87EA650DE8CA}.Release|Any CPU.ActiveCfg = Release|Any CPU
		{7848BE94-3816-4C04-B2F5-87EA650DE8CA}.Release|Any CPU.Build.0 = Release|Any CPU
	EndGlobalSection
	GlobalSection(SolutionProperties) = preSolution
		HideSolutionNode = FALSE
	EndGlobalSection
	GlobalSection(ExtensibilityGlobals) = postSolution
		SolutionGuid = {408FEDB9-7740-4AAE-8F73-ADC851E30817}
	EndGlobalSection
EndGlobal
